
Microsoft Visual Studio Solution File, Format Version 12.00
# Visual Studio Version 17
VisualStudioVersion = 17.11.35327.3
MinimumVisualStudioVersion = 10.0.40219.1
Project("{FAE04EC0-301F-11D3-BF4B-00C04F79EFBC}") = "Longest_Common_Prefix_14", "Longest_Common_Prefix_14.csproj", "{2B283843-D8DE-482B-B80D-F8389CCCD56E}"
EndProject
Global
	GlobalSection(SolutionConfigurationPlatforms) = preSolution
		Debug|Any CPU = Debug|Any CPU
		Release|Any CPU = Release|Any CPU
	EndGlobalSection
	GlobalSection(ProjectConfigurationPlatforms) = postSolution
		{2B283843-D8DE-482B-B80D-F8389CCCD56E}.Debug|Any CPU.ActiveCfg = Debug|Any CPU
		{2B283843-D8DE-482B-B80D-F8389CCCD56E}.Debug|Any CPU.Build.0 = Debug|Any CPU
		{2B283843-D8DE-482B-B80D-F8389CCCD56E}.Release|Any CPU.ActiveCfg = Release|Any CPU
		{2B283843-D8DE-482B-B80D-F8389CCCD56E}.Release|Any CPU.Build.0 = Release|Any CPU
	EndGlobalSection
	GlobalSection(SolutionProperties) = preSolution
		HideSolutionNode = FALSE
	EndGlobalSection
	GlobalSection(ExtensibilityGlobals) = postSolution
		SolutionGuid = {D2CFFA58-B72E-49EC-BB66-0FF0292F69BE}
	EndGlobalSection
EndGlobal
