
Microsoft Visual Studio Solution File, Format Version 12.00
# Visual Studio Version 17
VisualStudioVersion = 17.11.35327.3
MinimumVisualStudioVersion = 10.0.40219.1
Project("{FAE04EC0-301F-11D3-BF4B-00C04F79EFBC}") = "Find_Closest_Number_To_Zero_2239", "Find_Closest_Number_To_Zero_2239.csproj", "{A2232615-A113-43BA-97EF-1C7A47FBFD96}"
EndProject
Global
	GlobalSection(SolutionConfigurationPlatforms) = preSolution
		Debug|Any CPU = Debug|Any CPU
		Release|Any CPU = Release|Any CPU
	EndGlobalSection
	GlobalSection(ProjectConfigurationPlatforms) = postSolution
		{A2232615-A113-43BA-97EF-1C7A47FBFD96}.Debug|Any CPU.ActiveCfg = Debug|Any CPU
		{A2232615-A113-43BA-97EF-1C7A47FBFD96}.Debug|Any CPU.Build.0 = Debug|Any CPU
		{A2232615-A113-43BA-97EF-1C7A47FBFD96}.Release|Any CPU.ActiveCfg = Release|Any CPU
		{A2232615-A113-43BA-97EF-1C7A47FBFD96}.Release|Any CPU.Build.0 = Release|Any CPU
	EndGlobalSection
	GlobalSection(SolutionProperties) = preSolution
		HideSolutionNode = FALSE
	EndGlobalSection
	GlobalSection(ExtensibilityGlobals) = postSolution
		SolutionGuid = {60EF5EB5-9135-4E7E-8EDB-3FB4EC49E3F7}
	EndGlobalSection
EndGlobal
