
Microsoft Visual Studio Solution File, Format Version 12.00
# Visual Studio Version 17
VisualStudioVersion = 17.11.35327.3
MinimumVisualStudioVersion = 10.0.40219.1
Project("{FAE04EC0-301F-11D3-BF4B-00C04F79EFBC}") = "Remove_Element_27", "Remove_Element_27.csproj", "{310CC291-C15A-42AA-A5C2-1409F734312E}"
EndProject
Global
	GlobalSection(SolutionConfigurationPlatforms) = preSolution
		Debug|Any CPU = Debug|Any CPU
		Release|Any CPU = Release|Any CPU
	EndGlobalSection
	GlobalSection(ProjectConfigurationPlatforms) = postSolution
		{310CC291-C15A-42AA-A5C2-1409F734312E}.Debug|Any CPU.ActiveCfg = Debug|Any CPU
		{310CC291-C15A-42AA-A5C2-1409F734312E}.Debug|Any CPU.Build.0 = Debug|Any CPU
		{310CC291-C15A-42AA-A5C2-1409F734312E}.Release|Any CPU.ActiveCfg = Release|Any CPU
		{310CC291-C15A-42AA-A5C2-1409F734312E}.Release|Any CPU.Build.0 = Release|Any CPU
	EndGlobalSection
	GlobalSection(SolutionProperties) = preSolution
		HideSolutionNode = FALSE
	EndGlobalSection
	GlobalSection(ExtensibilityGlobals) = postSolution
		SolutionGuid = {A56A0518-D171-4B53-87E2-2AA1F9635FB3}
	EndGlobalSection
EndGlobal
