
Microsoft Visual Studio Solution File, Format Version 12.00
# Visual Studio Version 17
VisualStudioVersion = 17.11.35327.3
MinimumVisualStudioVersion = 10.0.40219.1
Project("{FAE04EC0-301F-11D3-BF4B-00C04F79EFBC}") = "Add_Binary_67", "Add_Binary_67.csproj", "{7E3D4CA8-8CB7-49DB-B7C5-EC478F910919}"
EndProject
Global
	GlobalSection(SolutionConfigurationPlatforms) = preSolution
		Debug|Any CPU = Debug|Any CPU
		Release|Any CPU = Release|Any CPU
	EndGlobalSection
	GlobalSection(ProjectConfigurationPlatforms) = postSolution
		{7E3D4CA8-8CB7-49DB-B7C5-EC478F910919}.Debug|Any CPU.ActiveCfg = Debug|Any CPU
		{7E3D4CA8-8CB7-49DB-B7C5-EC478F910919}.Debug|Any CPU.Build.0 = Debug|Any CPU
		{7E3D4CA8-8CB7-49DB-B7C5-EC478F910919}.Release|Any CPU.ActiveCfg = Release|Any CPU
		{7E3D4CA8-8CB7-49DB-B7C5-EC478F910919}.Release|Any CPU.Build.0 = Release|Any CPU
	EndGlobalSection
	GlobalSection(SolutionProperties) = preSolution
		HideSolutionNode = FALSE
	EndGlobalSection
	GlobalSection(ExtensibilityGlobals) = postSolution
		SolutionGuid = {6B963AA8-6C31-4C42-ABE1-87277059F7B6}
	EndGlobalSection
EndGlobal
