
Microsoft Visual Studio Solution File, Format Version 12.00
# Visual Studio Version 17
VisualStudioVersion = 17.11.35327.3
MinimumVisualStudioVersion = 10.0.40219.1
Project("{FAE04EC0-301F-11D3-BF4B-00C04F79EFBC}") = "Sqrt(x)_69", "Sqrt(x)_69.csproj", "{1238CDE2-391D-4938-9FC6-891A3A30DD06}"
EndProject
Global
	GlobalSection(SolutionConfigurationPlatforms) = preSolution
		Debug|Any CPU = Debug|Any CPU
		Release|Any CPU = Release|Any CPU
	EndGlobalSection
	GlobalSection(ProjectConfigurationPlatforms) = postSolution
		{1238CDE2-391D-4938-9FC6-891A3A30DD06}.Debug|Any CPU.ActiveCfg = Debug|Any CPU
		{1238CDE2-391D-4938-9FC6-891A3A30DD06}.Debug|Any CPU.Build.0 = Debug|Any CPU
		{1238CDE2-391D-4938-9FC6-891A3A30DD06}.Release|Any CPU.ActiveCfg = Release|Any CPU
		{1238CDE2-391D-4938-9FC6-891A3A30DD06}.Release|Any CPU.Build.0 = Release|Any CPU
	EndGlobalSection
	GlobalSection(SolutionProperties) = preSolution
		HideSolutionNode = FALSE
	EndGlobalSection
	GlobalSection(ExtensibilityGlobals) = postSolution
		SolutionGuid = {3D6CA620-ECE6-42E1-89A5-0A9364A64A78}
	EndGlobalSection
EndGlobal
